
Microsoft Visual Studio Solution File, Format Version 12.00
# Visual Studio 15
VisualStudioVersion = 15.0.28010.2036
MinimumVisualStudioVersion = 10.0.40219.1
Project("{8BC9CEB8-8B4A-11D0-8D11-00A0C91BC942}") = "frame", "frame\frame.vcxproj", "{FEFB064F-EE30-47C0-942C-CC8ACAA6AE0E}"
	ProjectSection(ProjectDependencies) = postProject
		{CEB35340-B108-423A-94BA-A4E926EC02FB} = {CEB35340-B108-423A-94BA-A4E926EC02FB}
	EndProjectSection
EndProject
Project("{8BC9CEB8-8B4A-11D0-8D11-00A0C91BC942}") = "gm", "gm\gm.vcxproj", "{2B3F23DA-DAC9-4C3B-B245-0BAEADF1630F}"
	ProjectSection(ProjectDependencies) = postProject
		{CEB35340-B108-423A-94BA-A4E926EC02FB} = {CEB35340-B108-423A-94BA-A4E926EC02FB}
	EndProjectSection
EndProject
Project("{8BC9CEB8-8B4A-11D0-8D11-00A0C91BC942}") = "share", "share\share.vcxproj", "{CEB35340-B108-423A-94BA-A4E926EC02FB}"
EndProject
Project("{8BC9CEB8-8B4A-11D0-8D11-00A0C91BC942}") = "http_proxy", "http_proxy\http_proxy.vcxproj", "{13D5FBF3-D779-4CE1-AB65-535AA819F3A8}"
	ProjectSection(ProjectDependencies) = postProject
		{CEB35340-B108-423A-94BA-A4E926EC02FB} = {CEB35340-B108-423A-94BA-A4E926EC02FB}
	EndProjectSection
EndProject
Global
	GlobalSection(SolutionConfigurationPlatforms) = preSolution
		Debug|x64 = Debug|x64
		Debug|x86 = Debug|x86
		Release|x64 = Release|x64
		Release|x86 = Release|x86
	EndGlobalSection
	GlobalSection(ProjectConfigurationPlatforms) = postSolution
		{FEFB064F-EE30-47C0-942C-CC8ACAA6AE0E}.Debug|x64.ActiveCfg = Debug|x64
		{FEFB064F-EE30-47C0-942C-CC8ACAA6AE0E}.Debug|x64.Build.0 = Debug|x64
		{FEFB064F-EE30-47C0-942C-CC8ACAA6AE0E}.Debug|x86.ActiveCfg = Debug|Win32
		{FEFB064F-EE30-47C0-942C-CC8ACAA6AE0E}.Debug|x86.Build.0 = Debug|Win32
		{FEFB064F-EE30-47C0-942C-CC8ACAA6AE0E}.Release|x64.ActiveCfg = Release|x64
		{FEFB064F-EE30-47C0-942C-CC8ACAA6AE0E}.Release|x64.Build.0 = Release|x64
		{FEFB064F-EE30-47C0-942C-CC8ACAA6AE0E}.Release|x86.ActiveCfg = Release|Win32
		{FEFB064F-EE30-47C0-942C-CC8ACAA6AE0E}.Release|x86.Build.0 = Release|Win32
		{2B3F23DA-DAC9-4C3B-B245-0BAEADF1630F}.Debug|x64.ActiveCfg = Debug|x64
		{2B3F23DA-DAC9-4C3B-B245-0BAEADF1630F}.Debug|x64.Build.0 = Debug|x64
		{2B3F23DA-DAC9-4C3B-B245-0BAEADF1630F}.Debug|x86.ActiveCfg = Debug|Win32
		{2B3F23DA-DAC9-4C3B-B245-0BAEADF1630F}.Debug|x86.Build.0 = Debug|Win32
		{2B3F23DA-DAC9-4C3B-B245-0BAEADF1630F}.Release|x64.ActiveCfg = Release|x64
		{2B3F23DA-DAC9-4C3B-B245-0BAEADF1630F}.Release|x64.Build.0 = Release|x64
		{2B3F23DA-DAC9-4C3B-B245-0BAEADF1630F}.Release|x86.ActiveCfg = Release|Win32
		{2B3F23DA-DAC9-4C3B-B245-0BAEADF1630F}.Release|x86.Build.0 = Release|Win32
		{CEB35340-B108-423A-94BA-A4E926EC02FB}.Debug|x64.ActiveCfg = Debug|x64
		{CEB35340-B108-423A-94BA-A4E926EC02FB}.Debug|x64.Build.0 = Debug|x64
		{CEB35340-B108-423A-94BA-A4E926EC02FB}.Debug|x86.ActiveCfg = Debug|Win32
		{CEB35340-B108-423A-94BA-A4E926EC02FB}.Debug|x86.Build.0 = Debug|Win32
		{CEB35340-B108-423A-94BA-A4E926EC02FB}.Release|x64.ActiveCfg = Release|x64
		{CEB35340-B108-423A-94BA-A4E926EC02FB}.Release|x64.Build.0 = Release|x64
		{CEB35340-B108-423A-94BA-A4E926EC02FB}.Release|x86.ActiveCfg = Release|Win32
		{CEB35340-B108-423A-94BA-A4E926EC02FB}.Release|x86.Build.0 = Release|Win32
		{13D5FBF3-D779-4CE1-AB65-535AA819F3A8}.Debug|x64.ActiveCfg = Debug|x64
		{13D5FBF3-D779-4CE1-AB65-535AA819F3A8}.Debug|x64.Build.0 = Debug|x64
		{13D5FBF3-D779-4CE1-AB65-535AA819F3A8}.Debug|x86.ActiveCfg = Debug|Win32
		{13D5FBF3-D779-4CE1-AB65-535AA819F3A8}.Debug|x86.Build.0 = Debug|Win32
		{13D5FBF3-D779-4CE1-AB65-535AA819F3A8}.Release|x64.ActiveCfg = Release|x64
		{13D5FBF3-D779-4CE1-AB65-535AA819F3A8}.Release|x64.Build.0 = Release|x64
		{13D5FBF3-D779-4CE1-AB65-535AA819F3A8}.Release|x86.ActiveCfg = Release|Win32
		{13D5FBF3-D779-4CE1-AB65-535AA819F3A8}.Release|x86.Build.0 = Release|Win32
	EndGlobalSection
	GlobalSection(SolutionProperties) = preSolution
		HideSolutionNode = FALSE
	EndGlobalSection
	GlobalSection(ExtensibilityGlobals) = postSolution
		SolutionGuid = {21A38958-8491-414B-8E8B-0D954092F506}
	EndGlobalSection
EndGlobal
